// !$*UTF8*$!
{
	archiveVersion = 1;
	classes = {
	};
	objectVersion = 50;
	objects = {

/* Begin PBXBuildFile section */
		283205592433263F00477956 /* AppDelegate.swift in Sources */ = {isa = PBXBuildFile; fileRef = 283205582433263F00477956 /* AppDelegate.swift */; };
		2832055B2433263F00477956 /* SceneDelegate.swift in Sources */ = {isa = PBXBuildFile; fileRef = 2832055A2433263F00477956 /* SceneDelegate.swift */; };
		2832055D2433263F00477956 /* ViewController.swift in Sources */ = {isa = PBXBuildFile; fileRef = 2832055C2433263F00477956 /* ViewController.swift */; };
		283205602433263F00477956 /* Main.storyboard in Resources */ = {isa = PBXBuildFile; fileRef = 2832055E2433263F00477956 /* Main.storyboard */; };
		283205622433264000477956 /* Assets.xcassets in Resources */ = {isa = PBXBuildFile; fileRef = 283205612433264000477956 /* Assets.xcassets */; };
		283205652433264000477956 /* LaunchScreen.storyboard in Resources */ = {isa = PBXBuildFile; fileRef = 283205632433264000477956 /* LaunchScreen.storyboard */; };
		2832056D2433293F00477956 /* AlertView.xib in Resources */ = {isa = PBXBuildFile; fileRef = 2832056C2433293F00477956 /* AlertView.xib */; };
		2832056F24332B7200477956 /* AlertView.swift in Sources */ = {isa = PBXBuildFile; fileRef = 2832056E24332B7200477956 /* AlertView.swift */; };
/* End PBXBuildFile section */

/* Begin PBXFileReference section */
		283205552433263F00477956 /* ios_custom_alert_view.app */ = {isa = PBXFileReference; explicitFileType = wrapper.application; includeInIndex = 0; path = ios_custom_alert_view.app; sourceTree = BUILT_PRODUCTS_DIR; };
		283205582433263F00477956 /* AppDelegate.swift */ = {isa = PBXFileReference; lastKnownFileType = sourcecode.swift; path = AppDelegate.swift; sourceTree = "<group>"; };
		2832055A2433263F00477956 /* SceneDelegate.swift */ = {isa = PBXFileReference; lastKnownFileType = sourcecode.swift; path = SceneDelegate.swift; sourceTree = "<group>"; };
		2832055C2433263F00477956 /* ViewController.swift */ = {isa = PBXFileReference; lastKnownFileType = sourcecode.swift; path = ViewController.swift; sourceTree = "<group>"; };
		2832055F2433263F00477956 /* Base */ = {isa = PBXFileReference; lastKnownFileType = file.storyboard; name = Base; path = Base.lproj/Main.storyboard; sourceTree = "<group>"; };
		283205612433264000477956 /* Assets.xcassets */ = {isa = PBXFileReference; lastKnownFileType = folder.assetcatalog; path = Assets.xcassets; sourceTree = "<group>"; };
		283205642433264000477956 /* Base */ = {isa = PBXFileReference; lastKnownFileType = file.storyboard; name = Base; path = Base.lproj/LaunchScreen.storyboard; sourceTree = "<group>"; };
		283205662433264000477956 /* Info.plist */ = {isa = PBXFileReference; lastKnownFileType = text.plist.xml; path = Info.plist; sourceTree = "<group>"; };
		2832056C2433293F00477956 /* AlertView.xib */ = {isa = PBXFileReference; lastKnownFileType = file.xib; path = AlertView.xib; sourceTree = "<group>"; };
		2832056E24332B7200477956 /* AlertView.swift */ = {isa = PBXFileReference; lastKnownFileType = sourcecode.swift; path = AlertView.swift; sourceTree = "<group>"; };
/* End PBXFileReference section */

/* Begin PBXFrameworksBuildPhase section */
		283205522433263F00477956 /* Frameworks */ = {
			isa = PBXFrameworksBuildPhase;
			buildActionMask = 2147483647;
			files = (
			);
			runOnlyForDeploymentPostprocessing = 0;
		};
/* End PBXFrameworksBuildPhase section */

/* Begin PBXGroup section */
		2832054C2433263F00477956 = {
			isa = PBXGroup;
			children = (
				283205572433263F00477956 /* ios_custom_alert_view */,
				283205562433263F00477956 /* Products */,
			);
			sourceTree = "<group>";
		};
		283205562433263F00477956 /* Products */ = {
			isa = PBXGroup;
			children = (
				283205552433263F00477956 /* ios_custom_alert_view.app */,
			);
			name = Products;
			sourceTree = "<group>";
		};
		283205572433263F00477956 /* ios_custom_alert_view */ = {
			isa = PBXGroup;
			children = (
				283205582433263F00477956 /* AppDelegate.swift */,
				2832055A2433263F00477956 /* SceneDelegate.swift */,
				2832055C2433263F00477956 /* ViewController.swift */,
				2832055E2433263F00477956 /* Main.storyboard */,
				283205612433264000477956 /* Assets.xcassets */,
				283205632433264000477956 /* LaunchScreen.storyboard */,
				283205662433264000477956 /* Info.plist */,
				2832056C2433293F00477956 /* AlertView.xib */,
				2832056E24332B7200477956 /* AlertView.swift */,
			);
			path = ios_custom_alert_view;
			sourceTree = "<group>";
		};
/* End PBXGroup section */

/* Begin PBXNativeTarget section */
		283205542433263F00477956 /* ios_custom_alert_view */ = {
			isa = PBXNativeTarget;
			buildConfigurationList = 283205692433264000477956 /* Build configuration list for PBXNativeTarget "ios_custom_alert_view" */;
			buildPhases = (
				283205512433263F00477956 /* Sources */,
				283205522433263F00477956 /* Frameworks */,
				283205532433263F00477956 /* Resources */,
			);
			buildRules = (
			);
			dependencies = (
			);
			name = ios_custom_alert_view;
			productName = ios_custom_alert_view;
			productReference = 283205552433263F00477956 /* ios_custom_alert_view.app */;
			productType = "com.apple.product-type.application";
		};
/* End PBXNativeTarget section */

/* Begin PBXProject section */
		2832054D2433263F00477956 /* Project object */ = {
			isa = PBXProject;
			attributes = {
				LastSwiftUpdateCheck = 1140;
				LastUpgradeCheck = 1140;
				ORGANIZATIONNAME = "shin seunghyun";
				TargetAttributes = {
					283205542433263F00477956 = {
						CreatedOnToolsVersion = 11.4;
					};
				};
			};
			buildConfigurationList = 283205502433263F00477956 /* Build configuration list for PBXProject "ios_custom_alert_view" */;
			compatibilityVersion = "Xcode 9.3";
			developmentRegion = en;
			hasScannedForEncodings = 0;
			knownRegions = (
				en,
				Base,
			);
			mainGroup = 2832054C2433263F00477956;
			productRefGroup = 283205562433263F00477956 /* Products */;
			projectDirPath = "";
			projectRoot = "";
			targets = (
				283205542433263F00477956 /* ios_custom_alert_view */,
			);
		};
/* End PBXProject section */

/* Begin PBXResourcesBuildPhase section */
		283205532433263F00477956 /* Resources */ = {
			isa = PBXResourcesBuildPhase;
			buildActionMask = 2147483647;
			files = (
				283205652433264000477956 /* LaunchScreen.storyboard in Resources */,
				2832056D2433293F00477956 /* AlertView.xib in Resources */,
				283205622433264000477956 /* Assets.xcassets in Resources */,
				283205602433263F00477956 /* Main.storyboard in Resources */,
			);
			runOnlyForDeploymentPostprocessing = 0;
		};
/* End PBXResourcesBuildPhase section */

/* Begin PBXSourcesBuildPhase section */
		283205512433263F00477956 /* Sources */ = {
			isa = PBXSourcesBuildPhase;
			buildActionMask = 2147483647;
			files = (
				2832055D2433263F00477956 /* ViewController.swift in Sources */,
				2832056F24332B7200477956 /* AlertView.swift in Sources */,
				283205592433263F00477956 /* AppDelegate.swift in Sources */,
				2832055B2433263F00477956 /* SceneDelegate.swift in Sources */,
			);
			runOnlyForDeploymentPostprocessing = 0;
		};
/* End PBXSourcesBuildPhase section */

/* Begin PBXVariantGroup section */
		2832055E2433263F00477956 /* Main.storyboard */ = {
			isa = PBXVariantGroup;
			children = (
				2832055F2433263F00477956 /* Base */,
			);
			name = Main.storyboard;
			sourceTree = "<group>";
		};
		283205632433264000477956 /* LaunchScreen.storyboard */ = {
			isa = PBXVariantGroup;
			children = (
				283205642433264000477956 /* Base */,
			);
			name = LaunchScreen.storyboard;
			sourceTree = "<group>";
		};
/* End PBXVariantGroup section */

/* Begin XCBuildConfiguration section */
		283205672433264000477956 /* Debug */ = {
			isa = XCBuildConfiguration;
			buildSettings = {
				ALWAYS_SEARCH_USER_PATHS = NO;
				CLANG_ANALYZER_NONNULL = YES;
				CLANG_ANALYZER_NUMBER_OBJECT_CONVERSION = YES_AGGRESSIVE;
				CLANG_CXX_LANGUAGE_STANDARD = "gnu++14";
				CLANG_CXX_LIBRARY = "libc++";
				CLANG_ENABLE_MODULES = YES;
				CLANG_ENABLE_OBJC_ARC = YES;
				CLANG_ENABLE_OBJC_WEAK = YES;
				CLANG_WARN_BLOCK_CAPTURE_AUTORELEASING = YES;
				CLANG_WARN_BOOL_CONVERSION = YES;
				CLANG_WARN_COMMA = YES;
				CLANG_WARN_CONSTANT_CONVERSION = YES;
				CLANG_WARN_DEPRECATED_OBJC_IMPLEMENTATIONS = YES;
				CLANG_WARN_DIRECT_OBJC_ISA_USAGE = YES_ERROR;
				CLANG_WARN_DOCUMENTATION_COMMENTS = YES;
				CLANG_WARN_EMPTY_BODY = YES;
				CLANG_WARN_ENUM_CONVERSION = YES;
				CLANG_WARN_INFINITE_RECURSION = YES;
				CLANG_WARN_INT_CONVERSION = YES;
				CLANG_WARN_NON_LITERAL_NULL_CONVERSION = YES;
				CLANG_WARN_OBJC_IMPLICIT_RETAIN_SELF = YES;
				CLANG_WARN_OBJC_LITERAL_CONVERSION = YES;
				CLANG_WARN_OBJC_ROOT_CLASS = YES_ERROR;
				CLANG_WARN_RANGE_LOOP_ANALYSIS = YES;
				CLANG_WARN_STRICT_PROTOTYPES = YES;
				CLANG_WARN_SUSPICIOUS_MOVE = YES;
				CLANG_WARN_UNGUARDED_AVAILABILITY = YES_AGGRESSIVE;
				CLANG_WARN_UNREACHABLE_CODE = YES;
				CLANG_WARN__DUPLICATE_METHOD_MATCH = YES;
				COPY_PHASE_STRIP = NO;
				DEBUG_INFORMATION_FORMAT = dwarf;
				ENABLE_STRICT_OBJC_MSGSEND = YES;
				ENABLE_TESTABILITY = YES;
				GCC_C_LANGUAGE_STANDARD = gnu11;
				GCC_DYNAMIC_NO_PIC = NO;
				GCC_NO_COMMON_BLOCKS = YES;
				GCC_OPTIMIZATION_LEVEL = 0;
				GCC_PREPROCESSOR_DEFINITIONS = (
					"DEBUG=1",
					"$(inherited)",
				);
				GCC_WARN_64_TO_32_BIT_CONVERSION = YES;
				GCC_WARN_ABOUT_RETURN_TYPE = YES_ERROR;
				GCC_WARN_UNDECLARED_SELECTOR = YES;
				GCC_WARN_UNINITIALIZED_AUTOS = YES_AGGRESSIVE;
				GCC_WARN_UNUSED_FUNCTION = YES;
				GCC_WARN_UNUSED_VARIABLE = YES;
				IPHONEOS_DEPLOYMENT_TARGET = 13.4;
				MTL_ENABLE_DEBUG_INFO = INCLUDE_SOURCE;
				MTL_FAST_MATH = YES;
				ONLY_ACTIVE_ARCH = YES;
				SDKROOT = iphoneos;
				SWIFT_ACTIVE_COMPILATION_CONDITIONS = DEBUG;
				SWIFT_OPTIMIZATION_LEVEL = "-Onone";
			};
			name = Debug;
		};
		283205682433264000477956 /* Release */ = {
			isa = XCBuildConfiguration;
			buildSettings = {
				ALWAYS_SEARCH_USER_PATHS = NO;
				CLANG_ANALYZER_NONNULL = YES;
				CLANG_ANALYZER_NUMBER_OBJECT_CONVERSION = YES_AGGRESSIVE;
				CLANG_CXX_LANGUAGE_STANDARD = "gnu++14";
				CLANG_CXX_LIBRARY = "libc++";
				CLANG_ENABLE_MODULES = YES;
				CLANG_ENABLE_OBJC_ARC = YES;
				CLANG_ENABLE_OBJC_WEAK = YES;
				CLANG_WARN_BLOCK_CAPTURE_AUTORELEASING = YES;
				CLANG_WARN_BOOL_CONVERSION = YES;
				CLANG_WARN_COMMA = YES;
				CLANG_WARN_CONSTANT_CONVERSION = YES;
				CLANG_WARN_DEPRECATED_OBJC_IMPLEMENTATIONS = YES;
				CLANG_WARN_DIRECT_OBJC_ISA_USAGE = YES_ERROR;
				CLANG_WARN_DOCUMENTATION_COMMENTS = YES;
				CLANG_WARN_EMPTY_BODY = YES;
				CLANG_WARN_ENUM_CONVERSION = YES;
				CLANG_WARN_INFINITE_RECURSION = YES;
				CLANG_WARN_INT_CONVERSION = YES;
				CLANG_WARN_NON_LITERAL_NULL_CONVERSION = YES;
				CLANG_WARN_OBJC_IMPLICIT_RETAIN_SELF = YES;
				CLANG_WARN_OBJC_LITERAL_CONVERSION = YES;
				CLANG_WARN_OBJC_ROOT_CLASS = YES_ERROR;
				CLANG_WARN_RANGE_LOOP_ANALYSIS = YES;
				CLANG_WARN_STRICT_PROTOTYPES = YES;
				CLANG_WARN_SUSPICIOUS_MOVE = YES;
				CLANG_WARN_UNGUARDED_AVAILABILITY = YES_AGGRESSIVE;
				CLANG_WARN_UNREACHABLE_CODE = YES;
				CLANG_WARN__DUPLICATE_METHOD_MATCH = YES;
				COPY_PHASE_STRIP = NO;
				DEBUG_INFORMATION_FORMAT = "dwarf-with-dsym";
				ENABLE_NS_ASSERTIONS = NO;
				ENABLE_STRICT_OBJC_MSGSEND = YES;
				GCC_C_LANGUAGE_STANDARD = gnu11;
				GCC_NO_COMMON_BLOCKS = YES;
				GCC_WARN_64_TO_32_BIT_CONVERSION = YES;
				GCC_WARN_ABOUT_RETURN_TYPE = YES_ERROR;
				GCC_WARN_UNDECLARED_SELECTOR = YES;
				GCC_WARN_UNINITIALIZED_AUTOS = YES_AGGRESSIVE;
				GCC_WARN_UNUSED_FUNCTION = YES;
				GCC_WARN_UNUSED_VARIABLE = YES;
				IPHONEOS_DEPLOYMENT_TARGET = 13.4;
				MTL_ENABLE_DEBUG_INFO = NO;
				MTL_FAST_MATH = YES;
				SDKROOT = iphoneos;
				SWIFT_COMPILATION_MODE = wholemodule;
				SWIFT_OPTIMIZATION_LEVEL = "-O";
				VALIDATE_PRODUCT = YES;
			};
			name = Release;
		};
		2832056A2433264000477956 /* Debug */ = {
			isa = XCBuildConfiguration;
			buildSettings = {
				ASSETCATALOG_COMPILER_APPICON_NAME = AppIcon;
				CODE_SIGN_STYLE = Automatic;
				INFOPLIST_FILE = ios_custom_alert_view/Info.plist;
				LD_RUNPATH_SEARCH_PATHS = (
					"$(inherited)",
					"@executable_path/Frameworks",
				);
				PRODUCT_BUNDLE_IDENTIFIER = "any.ios-custom-alert-view";
				PRODUCT_NAME = "$(TARGET_NAME)";
				SWIFT_VERSION = 5.0;
				TARGETED_DEVICE_FAMILY = "1,2";
			};
			name = Debug;
		};
		2832056B2433264000477956 /* Release */ = {
			isa = XCBuildConfiguration;
			buildSettings = {
				ASSETCATALOG_COMPILER_APPICON_NAME = AppIcon;
				CODE_SIGN_STYLE = Automatic;
				INFOPLIST_FILE = ios_custom_alert_view/Info.plist;
				LD_RUNPATH_SEARCH_PATHS = (
					"$(inherited)",
					"@executable_path/Frameworks",
				);
				PRODUCT_BUNDLE_IDENTIFIER = "any.ios-custom-alert-view";
				PRODUCT_NAME = "$(TARGET_NAME)";
				SWIFT_VERSION = 5.0;
				TARGETED_DEVICE_FAMILY = "1,2";
			};
			name = Release;
		};
/* End XCBuildConfiguration section */

/* Begin XCConfigurationList section */
		283205502433263F00477956 /* Build configuration list for PBXProject "ios_custom_alert_view" */ = {
			isa = XCConfigurationList;
			buildConfigurations = (
				283205672433264000477956 /* Debug */,
				283205682433264000477956 /* Release */,
			);
			defaultConfigurationIsVisible = 0;
			defaultConfigurationName = Release;
		};
		283205692433264000477956 /* Build configuration list for PBXNativeTarget "ios_custom_alert_view" */ = {
			isa = XCConfigurationList;
			buildConfigurations = (
				2832056A2433264000477956 /* Debug */,
				2832056B2433264000477956 /* Release */,
			);
			defaultConfigurationIsVisible = 0;
			defaultConfigurationName = Release;
		};
/* End XCConfigurationList section */
	};
	rootObject = 2832054D2433263F00477956 /* Project object */;
}
